
Microsoft Visual Studio Solution File, Format Version 12.00
# Visual Studio 14
VisualStudioVersion = 14.0.25420.1
MinimumVisualStudioVersion = 10.0.40219.1
Project("{FAE04EC0-301F-11D3-BF4B-00C04F79EFBC}") = "HRM", "WebApplication1\HRM.csproj", "{3A71AAA5-8D65-463E-9830-134B108F5A93}"
EndProject
Project("{FAE04EC0-301F-11D3-BF4B-00C04F79EFBC}") = "Service", "Service\Service.csproj", "{EAD1B750-8EC4-4F37-870C-C5B5D640DF68}"
EndProject
Global
	GlobalSection(SolutionConfigurationPlatforms) = preSolution
		Debug|Any CPU = Debug|Any CPU
		Release|Any CPU = Release|Any CPU
	EndGlobalSection
	GlobalSection(ProjectConfigurationPlatforms) = postSolution
		{3A71AAA5-8D65-463E-9830-134B108F5A93}.Debug|Any CPU.ActiveCfg = Debug|Any CPU
		{3A71AAA5-8D65-463E-9830-134B108F5A93}.Debug|Any CPU.Build.0 = Debug|Any CPU
		{3A71AAA5-8D65-463E-9830-134B108F5A93}.Release|Any CPU.ActiveCfg = Release|Any CPU
		{3A71AAA5-8D65-463E-9830-134B108F5A93}.Release|Any CPU.Build.0 = Release|Any CPU
		{EAD1B750-8EC4-4F37-870C-C5B5D640DF68}.Debug|Any CPU.ActiveCfg = Debug|Any CPU
		{EAD1B750-8EC4-4F37-870C-C5B5D640DF68}.Debug|Any CPU.Build.0 = Debug|Any CPU
		{EAD1B750-8EC4-4F37-870C-C5B5D640DF68}.Release|Any CPU.ActiveCfg = Release|Any CPU
		{EAD1B750-8EC4-4F37-870C-C5B5D640DF68}.Release|Any CPU.Build.0 = Release|Any CPU
	EndGlobalSection
	GlobalSection(SolutionProperties) = preSolution
		HideSolutionNode = FALSE
	EndGlobalSection
EndGlobal
